PODS:
  - AFNetworking (4.0.1):
    - AFNetworking/NSURLSession (= 4.0.1)
    - AFNetworking/Reachability (= 4.0.1)
    - AFNetworking/Security (= 4.0.1)
    - AFNetworking/Serialization (= 4.0.1)
    - AFNetworking/UIKit (= 4.0.1)
  - AFNetworking/NSURLSession (4.0.1):
    - AFNetworking/Reachability
    - AFNetworking/Security
    - AFNetworking/Serialization
  - AFNetworking/Reachability (4.0.1)
  - AFNetworking/Security (4.0.1)
  - AFNetworking/Serialization (4.0.1)
  - AFNetworking/UIKit (4.0.1):
    - AFNetworking/NSURLSession
  - Aspects (1.4.1)
  - ReactiveObjC (3.1.1)
  - SDWebImage (5.13.2):
    - SDWebImage/Core (= 5.13.2)
  - SDWebImage/Core (5.13.2)
  - YYCache (1.0.4)

DEPENDENCIES:
  - AFNetworking (> 4.0)
  - Aspects
  - ReactiveObjC
  - SDWebImage
  - YYCache

SPEC REPOS:
  trunk:
    - AFNetworking
    - Aspects
    - ReactiveObjC
    - SDWebImage
    - YYCache

SPEC CHECKSUMS:
  AFNetworking: 7864c38297c79aaca1500c33288e429c3451fdce
  Aspects: 7595ba96a6727a58ebcbfc954497fc5d2fdde546
  ReactiveObjC: 011caa393aa0383245f2dcf9bf02e86b80b36040
  SDWebImage: 72f86271a6f3139cc7e4a89220946489d4b9a866
  YYCache: 8105b6638f5e849296c71f331ff83891a4942952

PODFILE CHECKSUM: c3694d430577378b42d33c4c9e8fef382c7183d1

COCOAPODS: 1.13.0
